
Microsoft Visual Studio Solution File, Format Version 12.00
# Visual Studio Version 17
VisualStudioVersion = 17.4.33205.214
MinimumVisualStudioVersion = 10.0.40219.1
Project("{FAE04EC0-301F-11D3-BF4B-00C04F79EFBC}") = "DevTrust", "DevTrust\DevTrust.csproj", "{FD4328EE-8A00-4B26-886E-EF4A271EF576}"
EndProject
Global
	GlobalSection(SolutionConfigurationPlatforms) = preSolution
		Debug|Any CPU = Debug|Any CPU
		Release|Any CPU = Release|Any CPU
	EndGlobalSection
	GlobalSection(ProjectConfigurationPlatforms) = postSolution
		{FD4328EE-8A00-4B26-886E-EF4A271EF576}.Debug|Any CPU.ActiveCfg = Debug|Any CPU
		{FD4328EE-8A00-4B26-886E-EF4A271EF576}.Debug|Any CPU.Build.0 = Debug|Any CPU
		{FD4328EE-8A00-4B26-886E-EF4A271EF576}.Release|Any CPU.ActiveCfg = Release|Any CPU
		{FD4328EE-8A00-4B26-886E-EF4A271EF576}.Release|Any CPU.Build.0 = Release|Any CPU
	EndGlobalSection
	GlobalSection(SolutionProperties) = preSolution
		HideSolutionNode = FALSE
	EndGlobalSection
	GlobalSection(ExtensibilityGlobals) = postSolution
		SolutionGuid = {A1297E84-649C-46F5-ACF4-7AB909F441DF}
	EndGlobalSection
EndGlobal
